// !$*UTF8*$!
{
	archiveVersion = 1;
	classes = {
	};
	objectVersion = 56;
	objects = {

/* Begin PBXBuildFile section */
		D8B5A50C2B08F0D80001FA57 /* main.cpp in Sources */ = {isa = PBXBuildFile; fileRef = D8B5A50B2B08F0D80001FA57 /* main.cpp */; };
		D8B5A5172B08F1400001FA57 /* defaults.cpp in Sources */ = {isa = PBXBuildFile; fileRef = D8B5A5152B08F1400001FA57 /* defaults.cpp */; };
		D8B5A51A2B08F1750001FA57 /* e_Triangle.cpp in Sources */ = {isa = PBXBuildFile; fileRef = D8B5A5182B08F1750001FA57 /* e_Triangle.cpp */; };
		D8B5A51D2B08F1A90001FA57 /* Figures1.cpp in Sources */ = {isa = PBXBuildFile; fileRef = D8B5A51B2B08F1A90001FA57 /* Figures1.cpp */; };
		D8B5A5202B08F1D10001FA57 /* i_Triangle.cpp in Sources */ = {isa = PBXBuildFile; fileRef = D8B5A51E2B08F1D10001FA57 /* i_Triangle.cpp */; };
		D8B5A5232B08F1EB0001FA57 /* Parallelogram.cpp in Sources */ = {isa = PBXBuildFile; fileRef = D8B5A5212B08F1EB0001FA57 /* Parallelogram.cpp */; };
		D8B5A5262B08F21A0001FA57 /* quadrilateral.cpp in Sources */ = {isa = PBXBuildFile; fileRef = D8B5A5242B08F21A0001FA57 /* quadrilateral.cpp */; };
		D8B5A5292B08F2380001FA57 /* r_Triangle.cpp in Sources */ = {isa = PBXBuildFile; fileRef = D8B5A5272B08F2380001FA57 /* r_Triangle.cpp */; };
		D8B5A52C2B08F2530001FA57 /* Rectangle.cpp in Sources */ = {isa = PBXBuildFile; fileRef = D8B5A52A2B08F2530001FA57 /* Rectangle.cpp */; };
		D8B5A52F2B08F26A0001FA57 /* Romb.cpp in Sources */ = {isa = PBXBuildFile; fileRef = D8B5A52D2B08F26A0001FA57 /* Romb.cpp */; };
		D8B5A5322B08F2990001FA57 /* Square.cpp in Sources */ = {isa = PBXBuildFile; fileRef = D8B5A5302B08F2990001FA57 /* Square.cpp */; };
		D8B5A5352B08F2B00001FA57 /* triangle.cpp in Sources */ = {isa = PBXBuildFile; fileRef = D8B5A5332B08F2B00001FA57 /* triangle.cpp */; };
/* End PBXBuildFile section */

/* Begin PBXCopyFilesBuildPhase section */
		D8B5A5062B08F0D80001FA57 /* CopyFiles */ = {
			isa = PBXCopyFilesBuildPhase;
			buildActionMask = 2147483647;
			dstPath = /usr/share/man/man1/;
			dstSubfolderSpec = 0;
			files = (
			);
			runOnlyForDeploymentPostprocessing = 1;
		};
/* End PBXCopyFilesBuildPhase section */

/* Begin PBXFileReference section */
		D8B5A5082B08F0D80001FA57 /* Task 9.3 */ = {isa = PBXFileReference; explicitFileType = "compiled.mach-o.executable"; includeInIndex = 0; path = "Task 9.3"; sourceTree = BUILT_PRODUCTS_DIR; };
		D8B5A50B2B08F0D80001FA57 /* main.cpp */ = {isa = PBXFileReference; lastKnownFileType = sourcecode.cpp.cpp; path = main.cpp; sourceTree = "<group>"; };
		D8B5A5152B08F1400001FA57 /* defaults.cpp */ = {isa = PBXFileReference; lastKnownFileType = sourcecode.cpp.cpp; path = defaults.cpp; sourceTree = "<group>"; };
		D8B5A5162B08F1400001FA57 /* defaults.hpp */ = {isa = PBXFileReference; lastKnownFileType = sourcecode.cpp.h; path = defaults.hpp; sourceTree = "<group>"; };
		D8B5A5182B08F1750001FA57 /* e_Triangle.cpp */ = {isa = PBXFileReference; lastKnownFileType = sourcecode.cpp.cpp; path = e_Triangle.cpp; sourceTree = "<group>"; };
		D8B5A5192B08F1750001FA57 /* e_Triangle.hpp */ = {isa = PBXFileReference; lastKnownFileType = sourcecode.cpp.h; path = e_Triangle.hpp; sourceTree = "<group>"; };
		D8B5A51B2B08F1A90001FA57 /* Figures1.cpp */ = {isa = PBXFileReference; lastKnownFileType = sourcecode.cpp.cpp; path = Figures1.cpp; sourceTree = "<group>"; };
		D8B5A51C2B08F1A90001FA57 /* Figures.hpp */ = {isa = PBXFileReference; lastKnownFileType = sourcecode.cpp.h; path = Figures.hpp; sourceTree = "<group>"; };
		D8B5A51E2B08F1D10001FA57 /* i_Triangle.cpp */ = {isa = PBXFileReference; lastKnownFileType = sourcecode.cpp.cpp; path = i_Triangle.cpp; sourceTree = "<group>"; };
		D8B5A51F2B08F1D10001FA57 /* i_Triangle.hpp */ = {isa = PBXFileReference; lastKnownFileType = sourcecode.cpp.h; path = i_Triangle.hpp; sourceTree = "<group>"; };
		D8B5A5212B08F1EB0001FA57 /* Parallelogram.cpp */ = {isa = PBXFileReference; lastKnownFileType = sourcecode.cpp.cpp; path = Parallelogram.cpp; sourceTree = "<group>"; };
		D8B5A5222B08F1EB0001FA57 /* Parallelogram.hpp */ = {isa = PBXFileReference; lastKnownFileType = sourcecode.cpp.h; path = Parallelogram.hpp; sourceTree = "<group>"; };
		D8B5A5242B08F21A0001FA57 /* quadrilateral.cpp */ = {isa = PBXFileReference; lastKnownFileType = sourcecode.cpp.cpp; path = quadrilateral.cpp; sourceTree = "<group>"; };
		D8B5A5252B08F21A0001FA57 /* quadrilateral.hpp */ = {isa = PBXFileReference; lastKnownFileType = sourcecode.cpp.h; path = quadrilateral.hpp; sourceTree = "<group>"; };
		D8B5A5272B08F2380001FA57 /* r_Triangle.cpp */ = {isa = PBXFileReference; lastKnownFileType = sourcecode.cpp.cpp; path = r_Triangle.cpp; sourceTree = "<group>"; };
		D8B5A5282B08F2380001FA57 /* r_Triangle.hpp */ = {isa = PBXFileReference; lastKnownFileType = sourcecode.cpp.h; path = r_Triangle.hpp; sourceTree = "<group>"; };
		D8B5A52A2B08F2530001FA57 /* Rectangle.cpp */ = {isa = PBXFileReference; lastKnownFileType = sourcecode.cpp.cpp; path = Rectangle.cpp; sourceTree = "<group>"; };
		D8B5A52B2B08F2530001FA57 /* Rectangle.hpp */ = {isa = PBXFileReference; lastKnownFileType = sourcecode.cpp.h; path = Rectangle.hpp; sourceTree = "<group>"; };
		D8B5A52D2B08F26A0001FA57 /* Romb.cpp */ = {isa = PBXFileReference; lastKnownFileType = sourcecode.cpp.cpp; path = Romb.cpp; sourceTree = "<group>"; };
		D8B5A52E2B08F26A0001FA57 /* Romb.hpp */ = {isa = PBXFileReference; lastKnownFileType = sourcecode.cpp.h; path = Romb.hpp; sourceTree = "<group>"; };
		D8B5A5302B08F2990001FA57 /* Square.cpp */ = {isa = PBXFileReference; lastKnownFileType = sourcecode.cpp.cpp; path = Square.cpp; sourceTree = "<group>"; };
		D8B5A5312B08F2990001FA57 /* Square.hpp */ = {isa = PBXFileReference; lastKnownFileType = sourcecode.cpp.h; path = Square.hpp; sourceTree = "<group>"; };
		D8B5A5332B08F2B00001FA57 /* triangle.cpp */ = {isa = PBXFileReference; lastKnownFileType = sourcecode.cpp.cpp; path = triangle.cpp; sourceTree = "<group>"; };
		D8B5A5342B08F2B00001FA57 /* triangle.hpp */ = {isa = PBXFileReference; lastKnownFileType = sourcecode.cpp.h; path = triangle.hpp; sourceTree = "<group>"; };
/* End PBXFileReference section */

/* Begin PBXFrameworksBuildPhase section */
		D8B5A5052B08F0D80001FA57 /* Frameworks */ = {
			isa = PBXFrameworksBuildPhase;
			buildActionMask = 2147483647;
			files = (
			);
			runOnlyForDeploymentPostprocessing = 0;
		};
/* End PBXFrameworksBuildPhase section */

/* Begin PBXGroup section */
		D8B5A4FF2B08F0D80001FA57 = {
			isa = PBXGroup;
			children = (
				D8B5A50A2B08F0D80001FA57 /* Task 9.3 */,
				D8B5A5092B08F0D80001FA57 /* Products */,
			);
			sourceTree = "<group>";
		};
		D8B5A5092B08F0D80001FA57 /* Products */ = {
			isa = PBXGroup;
			children = (
				D8B5A5082B08F0D80001FA57 /* Task 9.3 */,
			);
			name = Products;
			sourceTree = "<group>";
		};
		D8B5A50A2B08F0D80001FA57 /* Task 9.3 */ = {
			isa = PBXGroup;
			children = (
				D8B5A5152B08F1400001FA57 /* defaults.cpp */,
				D8B5A5162B08F1400001FA57 /* defaults.hpp */,
				D8B5A5182B08F1750001FA57 /* e_Triangle.cpp */,
				D8B5A5192B08F1750001FA57 /* e_Triangle.hpp */,
				D8B5A51C2B08F1A90001FA57 /* Figures.hpp */,
				D8B5A51B2B08F1A90001FA57 /* Figures1.cpp */,
				D8B5A51E2B08F1D10001FA57 /* i_Triangle.cpp */,
				D8B5A51F2B08F1D10001FA57 /* i_Triangle.hpp */,
				D8B5A50B2B08F0D80001FA57 /* main.cpp */,
				D8B5A5212B08F1EB0001FA57 /* Parallelogram.cpp */,
				D8B5A5222B08F1EB0001FA57 /* Parallelogram.hpp */,
				D8B5A5242B08F21A0001FA57 /* quadrilateral.cpp */,
				D8B5A5252B08F21A0001FA57 /* quadrilateral.hpp */,
				D8B5A5272B08F2380001FA57 /* r_Triangle.cpp */,
				D8B5A5282B08F2380001FA57 /* r_Triangle.hpp */,
				D8B5A52A2B08F2530001FA57 /* Rectangle.cpp */,
				D8B5A52B2B08F2530001FA57 /* Rectangle.hpp */,
				D8B5A52D2B08F26A0001FA57 /* Romb.cpp */,
				D8B5A52E2B08F26A0001FA57 /* Romb.hpp */,
				D8B5A5302B08F2990001FA57 /* Square.cpp */,
				D8B5A5312B08F2990001FA57 /* Square.hpp */,
				D8B5A5332B08F2B00001FA57 /* triangle.cpp */,
				D8B5A5342B08F2B00001FA57 /* triangle.hpp */,
			);
			path = "Task 9.3";
			sourceTree = "<group>";
		};
/* End PBXGroup section */

/* Begin PBXNativeTarget section */
		D8B5A5072B08F0D80001FA57 /* Task 9.3 */ = {
			isa = PBXNativeTarget;
			buildConfigurationList = D8B5A50F2B08F0D80001FA57 /* Build configuration list for PBXNativeTarget "Task 9.3" */;
			buildPhases = (
				D8B5A5042B08F0D80001FA57 /* Sources */,
				D8B5A5052B08F0D80001FA57 /* Frameworks */,
				D8B5A5062B08F0D80001FA57 /* CopyFiles */,
			);
			buildRules = (
			);
			dependencies = (
			);
			name = "Task 9.3";
			productName = "Task 9.3";
			productReference = D8B5A5082B08F0D80001FA57 /* Task 9.3 */;
			productType = "com.apple.product-type.tool";
		};
/* End PBXNativeTarget section */

/* Begin PBXProject section */
		D8B5A5002B08F0D80001FA57 /* Project object */ = {
			isa = PBXProject;
			attributes = {
				BuildIndependentTargetsInParallel = 1;
				LastUpgradeCheck = 1500;
				TargetAttributes = {
					D8B5A5072B08F0D80001FA57 = {
						CreatedOnToolsVersion = 15.0.1;
					};
				};
			};
			buildConfigurationList = D8B5A5032B08F0D80001FA57 /* Build configuration list for PBXProject "Task 9.3" */;
			compatibilityVersion = "Xcode 14.0";
			developmentRegion = en;
			hasScannedForEncodings = 0;
			knownRegions = (
				en,
				Base,
			);
			mainGroup = D8B5A4FF2B08F0D80001FA57;
			productRefGroup = D8B5A5092B08F0D80001FA57 /* Products */;
			projectDirPath = "";
			projectRoot = "";
			targets = (
				D8B5A5072B08F0D80001FA57 /* Task 9.3 */,
			);
		};
/* End PBXProject section */

/* Begin PBXSourcesBuildPhase section */
		D8B5A5042B08F0D80001FA57 /* Sources */ = {
			isa = PBXSourcesBuildPhase;
			buildActionMask = 2147483647;
			files = (
				D8B5A5202B08F1D10001FA57 /* i_Triangle.cpp in Sources */,
				D8B5A5232B08F1EB0001FA57 /* Parallelogram.cpp in Sources */,
				D8B5A52C2B08F2530001FA57 /* Rectangle.cpp in Sources */,
				D8B5A5322B08F2990001FA57 /* Square.cpp in Sources */,
				D8B5A51A2B08F1750001FA57 /* e_Triangle.cpp in Sources */,
				D8B5A51D2B08F1A90001FA57 /* Figures1.cpp in Sources */,
				D8B5A50C2B08F0D80001FA57 /* main.cpp in Sources */,
				D8B5A5352B08F2B00001FA57 /* triangle.cpp in Sources */,
				D8B5A5172B08F1400001FA57 /* defaults.cpp in Sources */,
				D8B5A5292B08F2380001FA57 /* r_Triangle.cpp in Sources */,
				D8B5A5262B08F21A0001FA57 /* quadrilateral.cpp in Sources */,
				D8B5A52F2B08F26A0001FA57 /* Romb.cpp in Sources */,
			);
			runOnlyForDeploymentPostprocessing = 0;
		};
/* End PBXSourcesBuildPhase section */

/* Begin XCBuildConfiguration section */
		D8B5A50D2B08F0D80001FA57 /* Debug */ = {
			isa = XCBuildConfiguration;
			buildSettings = {
				ALWAYS_SEARCH_USER_PATHS = NO;
				ASSETCATALOG_COMPILER_GENERATE_SWIFT_ASSET_SYMBOL_EXTENSIONS = YES;
				CLANG_ANALYZER_NONNULL = YES;
				CLANG_ANALYZER_NUMBER_OBJECT_CONVERSION = YES_AGGRESSIVE;
				CLANG_CXX_LANGUAGE_STANDARD = "gnu++20";
				CLANG_ENABLE_MODULES = YES;
				CLANG_ENABLE_OBJC_ARC = YES;
				CLANG_ENABLE_OBJC_WEAK = YES;
				CLANG_WARN_BLOCK_CAPTURE_AUTORELEASING = YES;
				CLANG_WARN_BOOL_CONVERSION = YES;
				CLANG_WARN_COMMA = YES;
				CLANG_WARN_CONSTANT_CONVERSION = YES;
				CLANG_WARN_DEPRECATED_OBJC_IMPLEMENTATIONS = YES;
				CLANG_WARN_DIRECT_OBJC_ISA_USAGE = YES_ERROR;
				CLANG_WARN_DOCUMENTATION_COMMENTS = YES;
				CLANG_WARN_EMPTY_BODY = YES;
				CLANG_WARN_ENUM_CONVERSION = YES;
				CLANG_WARN_INFINITE_RECURSION = YES;
				CLANG_WARN_INT_CONVERSION = YES;
				CLANG_WARN_NON_LITERAL_NULL_CONVERSION = YES;
				CLANG_WARN_OBJC_IMPLICIT_RETAIN_SELF = YES;
				CLANG_WARN_OBJC_LITERAL_CONVERSION = YES;
				CLANG_WARN_OBJC_ROOT_CLASS = YES_ERROR;
				CLANG_WARN_QUOTED_INCLUDE_IN_FRAMEWORK_HEADER = YES;
				CLANG_WARN_RANGE_LOOP_ANALYSIS = YES;
				CLANG_WARN_STRICT_PROTOTYPES = YES;
				CLANG_WARN_SUSPICIOUS_MOVE = YES;
				CLANG_WARN_UNGUARDED_AVAILABILITY = YES_AGGRESSIVE;
				CLANG_WARN_UNREACHABLE_CODE = YES;
				CLANG_WARN__DUPLICATE_METHOD_MATCH = YES;
				COPY_PHASE_STRIP = NO;
				DEBUG_INFORMATION_FORMAT = dwarf;
				ENABLE_STRICT_OBJC_MSGSEND = YES;
				ENABLE_TESTABILITY = YES;
				ENABLE_USER_SCRIPT_SANDBOXING = YES;
				GCC_C_LANGUAGE_STANDARD = gnu17;
				GCC_DYNAMIC_NO_PIC = NO;
				GCC_NO_COMMON_BLOCKS = YES;
				GCC_OPTIMIZATION_LEVEL = 0;
				GCC_PREPROCESSOR_DEFINITIONS = (
					"DEBUG=1",
					"$(inherited)",
				);
				GCC_WARN_64_TO_32_BIT_CONVERSION = YES;
				GCC_WARN_ABOUT_RETURN_TYPE = YES_ERROR;
				GCC_WARN_UNDECLARED_SELECTOR = YES;
				GCC_WARN_UNINITIALIZED_AUTOS = YES_AGGRESSIVE;
				GCC_WARN_UNUSED_FUNCTION = YES;
				GCC_WARN_UNUSED_VARIABLE = YES;
				LOCALIZATION_PREFERS_STRING_CATALOGS = YES;
				MACOSX_DEPLOYMENT_TARGET = 14.0;
				MTL_ENABLE_DEBUG_INFO = INCLUDE_SOURCE;
				MTL_FAST_MATH = YES;
				ONLY_ACTIVE_ARCH = YES;
				SDKROOT = macosx;
			};
			name = Debug;
		};
		D8B5A50E2B08F0D80001FA57 /* Release */ = {
			isa = XCBuildConfiguration;
			buildSettings = {
				ALWAYS_SEARCH_USER_PATHS = NO;
				ASSETCATALOG_COMPILER_GENERATE_SWIFT_ASSET_SYMBOL_EXTENSIONS = YES;
				CLANG_ANALYZER_NONNULL = YES;
				CLANG_ANALYZER_NUMBER_OBJECT_CONVERSION = YES_AGGRESSIVE;
				CLANG_CXX_LANGUAGE_STANDARD = "gnu++20";
				CLANG_ENABLE_MODULES = YES;
				CLANG_ENABLE_OBJC_ARC = YES;
				CLANG_ENABLE_OBJC_WEAK = YES;
				CLANG_WARN_BLOCK_CAPTURE_AUTORELEASING = YES;
				CLANG_WARN_BOOL_CONVERSION = YES;
				CLANG_WARN_COMMA = YES;
				CLANG_WARN_CONSTANT_CONVERSION = YES;
				CLANG_WARN_DEPRECATED_OBJC_IMPLEMENTATIONS = YES;
				CLANG_WARN_DIRECT_OBJC_ISA_USAGE = YES_ERROR;
				CLANG_WARN_DOCUMENTATION_COMMENTS = YES;
				CLANG_WARN_EMPTY_BODY = YES;
				CLANG_WARN_ENUM_CONVERSION = YES;
				CLANG_WARN_INFINITE_RECURSION = YES;
				CLANG_WARN_INT_CONVERSION = YES;
				CLANG_WARN_NON_LITERAL_NULL_CONVERSION = YES;
				CLANG_WARN_OBJC_IMPLICIT_RETAIN_SELF = YES;
				CLANG_WARN_OBJC_LITERAL_CONVERSION = YES;
				CLANG_WARN_OBJC_ROOT_CLASS = YES_ERROR;
				CLANG_WARN_QUOTED_INCLUDE_IN_FRAMEWORK_HEADER = YES;
				CLANG_WARN_RANGE_LOOP_ANALYSIS = YES;
				CLANG_WARN_STRICT_PROTOTYPES = YES;
				CLANG_WARN_SUSPICIOUS_MOVE = YES;
				CLANG_WARN_UNGUARDED_AVAILABILITY = YES_AGGRESSIVE;
				CLANG_WARN_UNREACHABLE_CODE = YES;
				CLANG_WARN__DUPLICATE_METHOD_MATCH = YES;
				COPY_PHASE_STRIP = NO;
				DEBUG_INFORMATION_FORMAT = "dwarf-with-dsym";
				ENABLE_NS_ASSERTIONS = NO;
				ENABLE_STRICT_OBJC_MSGSEND = YES;
				ENABLE_USER_SCRIPT_SANDBOXING = YES;
				GCC_C_LANGUAGE_STANDARD = gnu17;
				GCC_NO_COMMON_BLOCKS = YES;
				GCC_WARN_64_TO_32_BIT_CONVERSION = YES;
				GCC_WARN_ABOUT_RETURN_TYPE = YES_ERROR;
				GCC_WARN_UNDECLARED_SELECTOR = YES;
				GCC_WARN_UNINITIALIZED_AUTOS = YES_AGGRESSIVE;
				GCC_WARN_UNUSED_FUNCTION = YES;
				GCC_WARN_UNUSED_VARIABLE = YES;
				LOCALIZATION_PREFERS_STRING_CATALOGS = YES;
				MACOSX_DEPLOYMENT_TARGET = 14.0;
				MTL_ENABLE_DEBUG_INFO = NO;
				MTL_FAST_MATH = YES;
				SDKROOT = macosx;
			};
			name = Release;
		};
		D8B5A5102B08F0D80001FA57 /* Debug */ = {
			isa = XCBuildConfiguration;
			buildSettings = {
				CODE_SIGN_STYLE = Automatic;
				PRODUCT_NAME = "$(TARGET_NAME)";
			};
			name = Debug;
		};
		D8B5A5112B08F0D80001FA57 /* Release */ = {
			isa = XCBuildConfiguration;
			buildSettings = {
				CODE_SIGN_STYLE = Automatic;
				PRODUCT_NAME = "$(TARGET_NAME)";
			};
			name = Release;
		};
/* End XCBuildConfiguration section */

/* Begin XCConfigurationList section */
		D8B5A5032B08F0D80001FA57 /* Build configuration list for PBXProject "Task 9.3" */ = {
			isa = XCConfigurationList;
			buildConfigurations = (
				D8B5A50D2B08F0D80001FA57 /* Debug */,
				D8B5A50E2B08F0D80001FA57 /* Release */,
			);
			defaultConfigurationIsVisible = 0;
			defaultConfigurationName = Release;
		};
		D8B5A50F2B08F0D80001FA57 /* Build configuration list for PBXNativeTarget "Task 9.3" */ = {
			isa = XCConfigurationList;
			buildConfigurations = (
				D8B5A5102B08F0D80001FA57 /* Debug */,
				D8B5A5112B08F0D80001FA57 /* Release */,
			);
			defaultConfigurationIsVisible = 0;
			defaultConfigurationName = Release;
		};
/* End XCConfigurationList section */
	};
	rootObject = D8B5A5002B08F0D80001FA57 /* Project object */;
}
