
Microsoft Visual Studio Solution File, Format Version 12.00
# Visual Studio Version 17
Project("{8BC9CEB8-8B4A-11D0-8D11-00A0C91BC942}") = "ALL_BUILD", "ALL_BUILD.vcxproj", "{278D9D7C-7ABF-37BB-ABBA-C880A4EC22FE}"
	ProjectSection(ProjectDependencies) = postProject
		{1D9A5A95-4F52-3FE4-859C-22744D125D12} = {1D9A5A95-4F52-3FE4-859C-22744D125D12}
		{B365CA4F-110D-3EC8-9DFB-6EF2F877DF9F} = {B365CA4F-110D-3EC8-9DFB-6EF2F877DF9F}
		{B647F5D6-56E3-37E9-8BD0-4A1C918CDD8B} = {B647F5D6-56E3-37E9-8BD0-4A1C918CDD8B}
	EndProjectSection
EndProject
Project("{8BC9CEB8-8B4A-11D0-8D11-00A0C91BC942}") = "ZERO_CHECK", "ZERO_CHECK.vcxproj", "{1D9A5A95-4F52-3FE4-859C-22744D125D12}"
	ProjectSection(ProjectDependencies) = postProject
	EndProjectSection
EndProject
Project("{8BC9CEB8-8B4A-11D0-8D11-00A0C91BC942}") = "greed_lib", "libs\greed_lib.vcxproj", "{B365CA4F-110D-3EC8-9DFB-6EF2F877DF9F}"
	ProjectSection(ProjectDependencies) = postProject
		{1D9A5A95-4F52-3FE4-859C-22744D125D12} = {1D9A5A95-4F52-3FE4-859C-22744D125D12}
	EndProjectSection
EndProject
Project("{8BC9CEB8-8B4A-11D0-8D11-00A0C91BC942}") = "zadanie_11_2", "zadanie_11_2.vcxproj", "{B647F5D6-56E3-37E9-8BD0-4A1C918CDD8B}"
	ProjectSection(ProjectDependencies) = postProject
		{1D9A5A95-4F52-3FE4-859C-22744D125D12} = {1D9A5A95-4F52-3FE4-859C-22744D125D12}
		{B365CA4F-110D-3EC8-9DFB-6EF2F877DF9F} = {B365CA4F-110D-3EC8-9DFB-6EF2F877DF9F}
	EndProjectSection
EndProject
Global
	GlobalSection(SolutionConfigurationPlatforms) = preSolution
		Debug|x64 = Debug|x64
		Release|x64 = Release|x64
		MinSizeRel|x64 = MinSizeRel|x64
		RelWithDebInfo|x64 = RelWithDebInfo|x64
	EndGlobalSection
	GlobalSection(ProjectConfigurationPlatforms) = postSolution
		{278D9D7C-7ABF-37BB-ABBA-C880A4EC22FE}.Debug|x64.ActiveCfg = Debug|x64
		{278D9D7C-7ABF-37BB-ABBA-C880A4EC22FE}.Release|x64.ActiveCfg = Release|x64
		{278D9D7C-7ABF-37BB-ABBA-C880A4EC22FE}.MinSizeRel|x64.ActiveCfg = MinSizeRel|x64
		{278D9D7C-7ABF-37BB-ABBA-C880A4EC22FE}.RelWithDebInfo|x64.ActiveCfg = RelWithDebInfo|x64
		{1D9A5A95-4F52-3FE4-859C-22744D125D12}.Debug|x64.ActiveCfg = Debug|x64
		{1D9A5A95-4F52-3FE4-859C-22744D125D12}.Debug|x64.Build.0 = Debug|x64
		{1D9A5A95-4F52-3FE4-859C-22744D125D12}.Release|x64.ActiveCfg = Release|x64
		{1D9A5A95-4F52-3FE4-859C-22744D125D12}.Release|x64.Build.0 = Release|x64
		{1D9A5A95-4F52-3FE4-859C-22744D125D12}.MinSizeRel|x64.ActiveCfg = MinSizeRel|x64
		{1D9A5A95-4F52-3FE4-859C-22744D125D12}.MinSizeRel|x64.Build.0 = MinSizeRel|x64
		{1D9A5A95-4F52-3FE4-859C-22744D125D12}.RelWithDebInfo|x64.ActiveCfg = RelWithDebInfo|x64
		{1D9A5A95-4F52-3FE4-859C-22744D125D12}.RelWithDebInfo|x64.Build.0 = RelWithDebInfo|x64
		{B365CA4F-110D-3EC8-9DFB-6EF2F877DF9F}.Debug|x64.ActiveCfg = Debug|x64
		{B365CA4F-110D-3EC8-9DFB-6EF2F877DF9F}.Debug|x64.Build.0 = Debug|x64
		{B365CA4F-110D-3EC8-9DFB-6EF2F877DF9F}.Release|x64.ActiveCfg = Release|x64
		{B365CA4F-110D-3EC8-9DFB-6EF2F877DF9F}.Release|x64.Build.0 = Release|x64
		{B365CA4F-110D-3EC8-9DFB-6EF2F877DF9F}.MinSizeRel|x64.ActiveCfg = MinSizeRel|x64
		{B365CA4F-110D-3EC8-9DFB-6EF2F877DF9F}.MinSizeRel|x64.Build.0 = MinSizeRel|x64
		{B365CA4F-110D-3EC8-9DFB-6EF2F877DF9F}.RelWithDebInfo|x64.ActiveCfg = RelWithDebInfo|x64
		{B365CA4F-110D-3EC8-9DFB-6EF2F877DF9F}.RelWithDebInfo|x64.Build.0 = RelWithDebInfo|x64
		{B647F5D6-56E3-37E9-8BD0-4A1C918CDD8B}.Debug|x64.ActiveCfg = Debug|x64
		{B647F5D6-56E3-37E9-8BD0-4A1C918CDD8B}.Debug|x64.Build.0 = Debug|x64
		{B647F5D6-56E3-37E9-8BD0-4A1C918CDD8B}.Release|x64.ActiveCfg = Release|x64
		{B647F5D6-56E3-37E9-8BD0-4A1C918CDD8B}.Release|x64.Build.0 = Release|x64
		{B647F5D6-56E3-37E9-8BD0-4A1C918CDD8B}.MinSizeRel|x64.ActiveCfg = MinSizeRel|x64
		{B647F5D6-56E3-37E9-8BD0-4A1C918CDD8B}.MinSizeRel|x64.Build.0 = MinSizeRel|x64
		{B647F5D6-56E3-37E9-8BD0-4A1C918CDD8B}.RelWithDebInfo|x64.ActiveCfg = RelWithDebInfo|x64
		{B647F5D6-56E3-37E9-8BD0-4A1C918CDD8B}.RelWithDebInfo|x64.Build.0 = RelWithDebInfo|x64
	EndGlobalSection
	GlobalSection(ExtensibilityGlobals) = postSolution
		SolutionGuid = {160BD79D-CF53-3B46-A07D-787D0AEF24E8}
	EndGlobalSection
	GlobalSection(ExtensibilityAddIns) = postSolution
	EndGlobalSection
EndGlobal
