<?xml version="1.0" encoding="utf-8"?>
<Project ToolsVersion="17.0" xmlns="http://schemas.microsoft.com/developer/msbuild/2003">
  <ItemGroup>
    <ClCompile Include="F:\Programs\Git\origin\Курсовой проект №2. Гонки\main.cpp">
      <Filter>Source Files</Filter>
    </ClCompile>
  </ItemGroup>
  <ItemGroup>
    <CustomBuild Include="F:\Programs\Git\origin\Курсовой проект №2. Гонки\CMakeLists.txt" />
  </ItemGroup>
  <ItemGroup>
    <Filter Include="Source Files">
      <UniqueIdentifier>{467E887A-CAE2-3482-BFE1-03CA7097401F}</UniqueIdentifier>
    </Filter>
  </ItemGroup>
</Project>
