<?xml version="1.0" encoding="utf-8"?>
<Project ToolsVersion="17.0" xmlns="http://schemas.microsoft.com/developer/msbuild/2003">
  <ItemGroup>
    <CustomBuild Include="F:\Programs\Git\origin\K_P_2_1\CMakeFiles\10f797c47e8f9540ffd9a1edb22bd038\generate.stamp.rule">
      <Filter>CMake Rules</Filter>
    </CustomBuild>
  </ItemGroup>
  <ItemGroup>
    <Filter Include="CMake Rules">
      <UniqueIdentifier>{6467C5FD-FB16-3714-90C2-935D881FBFCE}</UniqueIdentifier>
    </Filter>
  </ItemGroup>
</Project>
