<?xml version="1.0" encoding="utf-8"?>
<Project ToolsVersion="17.0" xmlns="http://schemas.microsoft.com/developer/msbuild/2003">
  <ItemGroup>
    <CustomBuild Include="F:\Programs\Git\origin\Курсовой проект №2. Гонки\Курсовой проект №2. Гонки\libs\vihicles_lib\CMakeFiles\abc5f2a5146a2503cfb8e11dd09629ec\generate.stamp.rule">
      <Filter>CMake Rules</Filter>
    </CustomBuild>
  </ItemGroup>
  <ItemGroup>
    <Filter Include="CMake Rules">
      <UniqueIdentifier>{38CA450B-8B50-366E-924F-B9B48DC1AAC6}</UniqueIdentifier>
    </Filter>
  </ItemGroup>
</Project>
