// !$*UTF8*$!
{
	archiveVersion = 1;
	classes = {
	};
	objectVersion = 56;
	objects = {

/* Begin PBXBuildFile section */
		D8B5A4BE2B08EA320001FA57 /* Figures.cpp in Sources */ = {isa = PBXBuildFile; fileRef = D8B5A4A92B08EA320001FA57 /* Figures.cpp */; };
		D8B5A4BF2B08EA320001FA57 /* defaults.cpp in Sources */ = {isa = PBXBuildFile; fileRef = D8B5A4AA2B08EA320001FA57 /* defaults.cpp */; };
		D8B5A4C02B08EA320001FA57 /* Parallelogram.cpp in Sources */ = {isa = PBXBuildFile; fileRef = D8B5A4AB2B08EA320001FA57 /* Parallelogram.cpp */; };
		D8B5A4C12B08EA320001FA57 /* Square.cpp in Sources */ = {isa = PBXBuildFile; fileRef = D8B5A4AC2B08EA320001FA57 /* Square.cpp */; };
		D8B5A4C22B08EA320001FA57 /* r_Triangle.cpp in Sources */ = {isa = PBXBuildFile; fileRef = D8B5A4AD2B08EA320001FA57 /* r_Triangle.cpp */; };
		D8B5A4C32B08EA320001FA57 /* quadrilateral.cpp in Sources */ = {isa = PBXBuildFile; fileRef = D8B5A4B02B08EA320001FA57 /* quadrilateral.cpp */; };
		D8B5A4C42B08EA320001FA57 /* i_Triangle.cpp in Sources */ = {isa = PBXBuildFile; fileRef = D8B5A4B32B08EA320001FA57 /* i_Triangle.cpp */; };
		D8B5A4C52B08EA320001FA57 /* triangle.cpp in Sources */ = {isa = PBXBuildFile; fileRef = D8B5A4B52B08EA320001FA57 /* triangle.cpp */; };
		D8B5A4C62B08EA320001FA57 /* Romb.cpp in Sources */ = {isa = PBXBuildFile; fileRef = D8B5A4B62B08EA320001FA57 /* Romb.cpp */; };
		D8B5A4C72B08EA320001FA57 /* Rectangle.cpp in Sources */ = {isa = PBXBuildFile; fileRef = D8B5A4B72B08EA320001FA57 /* Rectangle.cpp */; };
		D8B5A4C82B08EA320001FA57 /* e_Triangle.cpp in Sources */ = {isa = PBXBuildFile; fileRef = D8B5A4B82B08EA320001FA57 /* e_Triangle.cpp */; };
		D8B5A4C92B08EA320001FA57 /* main.cpp in Sources */ = {isa = PBXBuildFile; fileRef = D8B5A4BC2B08EA320001FA57 /* main.cpp */; };
/* End PBXBuildFile section */

/* Begin PBXCopyFilesBuildPhase section */
		D8B5A3F62B08A5B80001FA57 /* CopyFiles */ = {
			isa = PBXCopyFilesBuildPhase;
			buildActionMask = 2147483647;
			dstPath = /usr/share/man/man1/;
			dstSubfolderSpec = 0;
			files = (
			);
			runOnlyForDeploymentPostprocessing = 1;
		};
/* End PBXCopyFilesBuildPhase section */

/* Begin PBXFileReference section */
		D8B5A3F82B08A5B80001FA57 /* Task_9_2 */ = {isa = PBXFileReference; explicitFileType = "compiled.mach-o.executable"; includeInIndex = 0; path = Task_9_2; sourceTree = BUILT_PRODUCTS_DIR; };
		D8B5A4A32B08EA320001FA57 /* Romb.hpp */ = {isa = PBXFileReference; fileEncoding = 4; lastKnownFileType = sourcecode.cpp.h; path = Romb.hpp; sourceTree = "<group>"; };
		D8B5A4A42B08EA320001FA57 /* Task_7_3.xcodeproj */ = {isa = PBXFileReference; lastKnownFileType = "wrapper.pb-project"; path = Task_7_3.xcodeproj; sourceTree = "<group>"; };
		D8B5A4A82B08EA320001FA57 /* e_Triangle.hpp */ = {isa = PBXFileReference; fileEncoding = 4; lastKnownFileType = sourcecode.cpp.h; path = e_Triangle.hpp; sourceTree = "<group>"; };
		D8B5A4A92B08EA320001FA57 /* Figures.cpp */ = {isa = PBXFileReference; fileEncoding = 4; lastKnownFileType = sourcecode.cpp.cpp; path = Figures.cpp; sourceTree = "<group>"; };
		D8B5A4AA2B08EA320001FA57 /* defaults.cpp */ = {isa = PBXFileReference; fileEncoding = 4; lastKnownFileType = sourcecode.cpp.cpp; path = defaults.cpp; sourceTree = "<group>"; };
		D8B5A4AB2B08EA320001FA57 /* Parallelogram.cpp */ = {isa = PBXFileReference; fileEncoding = 4; lastKnownFileType = sourcecode.cpp.cpp; path = Parallelogram.cpp; sourceTree = "<group>"; };
		D8B5A4AC2B08EA320001FA57 /* Square.cpp */ = {isa = PBXFileReference; fileEncoding = 4; lastKnownFileType = sourcecode.cpp.cpp; path = Square.cpp; sourceTree = "<group>"; };
		D8B5A4AD2B08EA320001FA57 /* r_Triangle.cpp */ = {isa = PBXFileReference; fileEncoding = 4; lastKnownFileType = sourcecode.cpp.cpp; path = r_Triangle.cpp; sourceTree = "<group>"; };
		D8B5A4AE2B08EA320001FA57 /* i_Triangle.hpp */ = {isa = PBXFileReference; fileEncoding = 4; lastKnownFileType = sourcecode.cpp.h; path = i_Triangle.hpp; sourceTree = "<group>"; };
		D8B5A4AF2B08EA320001FA57 /* triangle.hpp */ = {isa = PBXFileReference; fileEncoding = 4; lastKnownFileType = sourcecode.cpp.h; path = triangle.hpp; sourceTree = "<group>"; };
		D8B5A4B02B08EA320001FA57 /* quadrilateral.cpp */ = {isa = PBXFileReference; fileEncoding = 4; lastKnownFileType = sourcecode.cpp.cpp; path = quadrilateral.cpp; sourceTree = "<group>"; };
		D8B5A4B12B08EA320001FA57 /* Rectangle.hpp */ = {isa = PBXFileReference; fileEncoding = 4; lastKnownFileType = sourcecode.cpp.h; path = Rectangle.hpp; sourceTree = "<group>"; };
		D8B5A4B22B08EA320001FA57 /* r_Triangle.hpp */ = {isa = PBXFileReference; fileEncoding = 4; lastKnownFileType = sourcecode.cpp.h; path = r_Triangle.hpp; sourceTree = "<group>"; };
		D8B5A4B32B08EA320001FA57 /* i_Triangle.cpp */ = {isa = PBXFileReference; fileEncoding = 4; lastKnownFileType = sourcecode.cpp.cpp; path = i_Triangle.cpp; sourceTree = "<group>"; };
		D8B5A4B42B08EA320001FA57 /* quadrilateral.hpp */ = {isa = PBXFileReference; fileEncoding = 4; lastKnownFileType = sourcecode.cpp.h; path = quadrilateral.hpp; sourceTree = "<group>"; };
		D8B5A4B52B08EA320001FA57 /* triangle.cpp */ = {isa = PBXFileReference; fileEncoding = 4; lastKnownFileType = sourcecode.cpp.cpp; path = triangle.cpp; sourceTree = "<group>"; };
		D8B5A4B62B08EA320001FA57 /* Romb.cpp */ = {isa = PBXFileReference; fileEncoding = 4; lastKnownFileType = sourcecode.cpp.cpp; path = Romb.cpp; sourceTree = "<group>"; };
		D8B5A4B72B08EA320001FA57 /* Rectangle.cpp */ = {isa = PBXFileReference; fileEncoding = 4; lastKnownFileType = sourcecode.cpp.cpp; path = Rectangle.cpp; sourceTree = "<group>"; };
		D8B5A4B82B08EA320001FA57 /* e_Triangle.cpp */ = {isa = PBXFileReference; fileEncoding = 4; lastKnownFileType = sourcecode.cpp.cpp; path = e_Triangle.cpp; sourceTree = "<group>"; };
		D8B5A4B92B08EA320001FA57 /* defaults.hpp */ = {isa = PBXFileReference; fileEncoding = 4; lastKnownFileType = sourcecode.cpp.h; path = defaults.hpp; sourceTree = "<group>"; };
		D8B5A4BA2B08EA320001FA57 /* Figures.hpp */ = {isa = PBXFileReference; fileEncoding = 4; lastKnownFileType = sourcecode.cpp.h; path = Figures.hpp; sourceTree = "<group>"; };
		D8B5A4BB2B08EA320001FA57 /* Parallelogram.hpp */ = {isa = PBXFileReference; fileEncoding = 4; lastKnownFileType = sourcecode.cpp.h; path = Parallelogram.hpp; sourceTree = "<group>"; };
		D8B5A4BC2B08EA320001FA57 /* main.cpp */ = {isa = PBXFileReference; fileEncoding = 4; lastKnownFileType = sourcecode.cpp.cpp; path = main.cpp; sourceTree = "<group>"; };
		D8B5A4BD2B08EA320001FA57 /* Square.hpp */ = {isa = PBXFileReference; fileEncoding = 4; lastKnownFileType = sourcecode.cpp.h; path = Square.hpp; sourceTree = "<group>"; };
/* End PBXFileReference section */

/* Begin PBXFrameworksBuildPhase section */
		D8B5A3F52B08A5B80001FA57 /* Frameworks */ = {
			isa = PBXFrameworksBuildPhase;
			buildActionMask = 2147483647;
			files = (
			);
			runOnlyForDeploymentPostprocessing = 0;
		};
/* End PBXFrameworksBuildPhase section */

/* Begin PBXGroup section */
		D8B5A3EF2B08A5B80001FA57 = {
			isa = PBXGroup;
			children = (
				D8B5A4A22B08EA320001FA57 /* Task_7_3 */,
				D8B5A3F92B08A5B80001FA57 /* Products */,
			);
			sourceTree = "<group>";
		};
		D8B5A3F92B08A5B80001FA57 /* Products */ = {
			isa = PBXGroup;
			children = (
				D8B5A3F82B08A5B80001FA57 /* Task_9_2 */,
			);
			name = Products;
			sourceTree = "<group>";
		};
		D8B5A4A22B08EA320001FA57 /* Task_7_3 */ = {
			isa = PBXGroup;
			children = (
				D8B5A4A32B08EA320001FA57 /* Romb.hpp */,
				D8B5A4A42B08EA320001FA57 /* Task_7_3.xcodeproj */,
				D8B5A4A72B08EA320001FA57 /* Task_7_3 */,
			);
			name = Task_7_3;
			sourceTree = "<group>";
		};
		D8B5A4A52B08EA320001FA57 /* Products */ = {
			isa = PBXGroup;
			name = Products;
			sourceTree = "<group>";
		};
		D8B5A4A72B08EA320001FA57 /* Task_7_3 */ = {
			isa = PBXGroup;
			children = (
				D8B5A4A82B08EA320001FA57 /* e_Triangle.hpp */,
				D8B5A4A92B08EA320001FA57 /* Figures.cpp */,
				D8B5A4AA2B08EA320001FA57 /* defaults.cpp */,
				D8B5A4AB2B08EA320001FA57 /* Parallelogram.cpp */,
				D8B5A4AC2B08EA320001FA57 /* Square.cpp */,
				D8B5A4AD2B08EA320001FA57 /* r_Triangle.cpp */,
				D8B5A4AE2B08EA320001FA57 /* i_Triangle.hpp */,
				D8B5A4AF2B08EA320001FA57 /* triangle.hpp */,
				D8B5A4B02B08EA320001FA57 /* quadrilateral.cpp */,
				D8B5A4B12B08EA320001FA57 /* Rectangle.hpp */,
				D8B5A4B22B08EA320001FA57 /* r_Triangle.hpp */,
				D8B5A4B32B08EA320001FA57 /* i_Triangle.cpp */,
				D8B5A4B42B08EA320001FA57 /* quadrilateral.hpp */,
				D8B5A4B52B08EA320001FA57 /* triangle.cpp */,
				D8B5A4B62B08EA320001FA57 /* Romb.cpp */,
				D8B5A4B72B08EA320001FA57 /* Rectangle.cpp */,
				D8B5A4B82B08EA320001FA57 /* e_Triangle.cpp */,
				D8B5A4B92B08EA320001FA57 /* defaults.hpp */,
				D8B5A4BA2B08EA320001FA57 /* Figures.hpp */,
				D8B5A4BB2B08EA320001FA57 /* Parallelogram.hpp */,
				D8B5A4BC2B08EA320001FA57 /* main.cpp */,
				D8B5A4BD2B08EA320001FA57 /* Square.hpp */,
			);
			path = Task_7_3;
			sourceTree = "<group>";
		};
/* End PBXGroup section */

/* Begin PBXNativeTarget section */
		D8B5A3F72B08A5B80001FA57 /* Task_9_2 */ = {
			isa = PBXNativeTarget;
			buildConfigurationList = D8B5A3FF2B08A5B80001FA57 /* Build configuration list for PBXNativeTarget "Task_9_2" */;
			buildPhases = (
				D8B5A3F42B08A5B80001FA57 /* Sources */,
				D8B5A3F52B08A5B80001FA57 /* Frameworks */,
				D8B5A3F62B08A5B80001FA57 /* CopyFiles */,
			);
			buildRules = (
			);
			dependencies = (
			);
			name = Task_9_2;
			productName = Task_9_2;
			productReference = D8B5A3F82B08A5B80001FA57 /* Task_9_2 */;
			productType = "com.apple.product-type.tool";
		};
/* End PBXNativeTarget section */

/* Begin PBXProject section */
		D8B5A3F02B08A5B80001FA57 /* Project object */ = {
			isa = PBXProject;
			attributes = {
				BuildIndependentTargetsInParallel = 1;
				LastUpgradeCheck = 1500;
				TargetAttributes = {
					D8B5A3F72B08A5B80001FA57 = {
						CreatedOnToolsVersion = 15.0.1;
					};
				};
			};
			buildConfigurationList = D8B5A3F32B08A5B80001FA57 /* Build configuration list for PBXProject "Task_7_3" */;
			compatibilityVersion = "Xcode 14.0";
			developmentRegion = en;
			hasScannedForEncodings = 0;
			knownRegions = (
				en,
				Base,
			);
			mainGroup = D8B5A3EF2B08A5B80001FA57;
			productRefGroup = D8B5A3F92B08A5B80001FA57 /* Products */;
			projectDirPath = "";
			projectReferences = (
				{
					ProductGroup = D8B5A4A52B08EA320001FA57 /* Products */;
					ProjectRef = D8B5A4A42B08EA320001FA57 /* Task_7_3.xcodeproj */;
				},
			);
			projectRoot = "";
			targets = (
				D8B5A3F72B08A5B80001FA57 /* Task_9_2 */,
			);
		};
/* End PBXProject section */

/* Begin PBXSourcesBuildPhase section */
		D8B5A3F42B08A5B80001FA57 /* Sources */ = {
			isa = PBXSourcesBuildPhase;
			buildActionMask = 2147483647;
			files = (
				D8B5A4C62B08EA320001FA57 /* Romb.cpp in Sources */,
				D8B5A4C82B08EA320001FA57 /* e_Triangle.cpp in Sources */,
				D8B5A4C92B08EA320001FA57 /* main.cpp in Sources */,
				D8B5A4C12B08EA320001FA57 /* Square.cpp in Sources */,
				D8B5A4C42B08EA320001FA57 /* i_Triangle.cpp in Sources */,
				D8B5A4C72B08EA320001FA57 /* Rectangle.cpp in Sources */,
				D8B5A4BE2B08EA320001FA57 /* Figures.cpp in Sources */,
				D8B5A4C52B08EA320001FA57 /* triangle.cpp in Sources */,
				D8B5A4C02B08EA320001FA57 /* Parallelogram.cpp in Sources */,
				D8B5A4C22B08EA320001FA57 /* r_Triangle.cpp in Sources */,
				D8B5A4BF2B08EA320001FA57 /* defaults.cpp in Sources */,
				D8B5A4C32B08EA320001FA57 /* quadrilateral.cpp in Sources */,
			);
			runOnlyForDeploymentPostprocessing = 0;
		};
/* End PBXSourcesBuildPhase section */

/* Begin XCBuildConfiguration section */
		D8B5A3FD2B08A5B80001FA57 /* Debug */ = {
			isa = XCBuildConfiguration;
			buildSettings = {
				ALWAYS_SEARCH_USER_PATHS = NO;
				ASSETCATALOG_COMPILER_GENERATE_SWIFT_ASSET_SYMBOL_EXTENSIONS = YES;
				CLANG_ANALYZER_NONNULL = YES;
				CLANG_ANALYZER_NUMBER_OBJECT_CONVERSION = YES_AGGRESSIVE;
				CLANG_CXX_LANGUAGE_STANDARD = "gnu++20";
				CLANG_ENABLE_MODULES = YES;
				CLANG_ENABLE_OBJC_ARC = YES;
				CLANG_ENABLE_OBJC_WEAK = YES;
				CLANG_WARN_BLOCK_CAPTURE_AUTORELEASING = YES;
				CLANG_WARN_BOOL_CONVERSION = YES;
				CLANG_WARN_COMMA = YES;
				CLANG_WARN_CONSTANT_CONVERSION = YES;
				CLANG_WARN_DEPRECATED_OBJC_IMPLEMENTATIONS = YES;
				CLANG_WARN_DIRECT_OBJC_ISA_USAGE = YES_ERROR;
				CLANG_WARN_DOCUMENTATION_COMMENTS = YES;
				CLANG_WARN_EMPTY_BODY = YES;
				CLANG_WARN_ENUM_CONVERSION = YES;
				CLANG_WARN_INFINITE_RECURSION = YES;
				CLANG_WARN_INT_CONVERSION = YES;
				CLANG_WARN_NON_LITERAL_NULL_CONVERSION = YES;
				CLANG_WARN_OBJC_IMPLICIT_RETAIN_SELF = YES;
				CLANG_WARN_OBJC_LITERAL_CONVERSION = YES;
				CLANG_WARN_OBJC_ROOT_CLASS = YES_ERROR;
				CLANG_WARN_QUOTED_INCLUDE_IN_FRAMEWORK_HEADER = YES;
				CLANG_WARN_RANGE_LOOP_ANALYSIS = YES;
				CLANG_WARN_STRICT_PROTOTYPES = YES;
				CLANG_WARN_SUSPICIOUS_MOVE = YES;
				CLANG_WARN_UNGUARDED_AVAILABILITY = YES_AGGRESSIVE;
				CLANG_WARN_UNREACHABLE_CODE = YES;
				CLANG_WARN__DUPLICATE_METHOD_MATCH = YES;
				COPY_PHASE_STRIP = NO;
				DEBUG_INFORMATION_FORMAT = dwarf;
				ENABLE_STRICT_OBJC_MSGSEND = YES;
				ENABLE_TESTABILITY = YES;
				ENABLE_USER_SCRIPT_SANDBOXING = YES;
				GCC_C_LANGUAGE_STANDARD = gnu17;
				GCC_DYNAMIC_NO_PIC = NO;
				GCC_NO_COMMON_BLOCKS = YES;
				GCC_OPTIMIZATION_LEVEL = 0;
				GCC_PREPROCESSOR_DEFINITIONS = (
					"DEBUG=1",
					"$(inherited)",
				);
				GCC_WARN_64_TO_32_BIT_CONVERSION = YES;
				GCC_WARN_ABOUT_RETURN_TYPE = YES_ERROR;
				GCC_WARN_UNDECLARED_SELECTOR = YES;
				GCC_WARN_UNINITIALIZED_AUTOS = YES_AGGRESSIVE;
				GCC_WARN_UNUSED_FUNCTION = YES;
				GCC_WARN_UNUSED_VARIABLE = YES;
				LOCALIZATION_PREFERS_STRING_CATALOGS = YES;
				MACOSX_DEPLOYMENT_TARGET = 14.0;
				MTL_ENABLE_DEBUG_INFO = INCLUDE_SOURCE;
				MTL_FAST_MATH = YES;
				ONLY_ACTIVE_ARCH = YES;
				SDKROOT = macosx;
			};
			name = Debug;
		};
		D8B5A3FE2B08A5B80001FA57 /* Release */ = {
			isa = XCBuildConfiguration;
			buildSettings = {
				ALWAYS_SEARCH_USER_PATHS = NO;
				ASSETCATALOG_COMPILER_GENERATE_SWIFT_ASSET_SYMBOL_EXTENSIONS = YES;
				CLANG_ANALYZER_NONNULL = YES;
				CLANG_ANALYZER_NUMBER_OBJECT_CONVERSION = YES_AGGRESSIVE;
				CLANG_CXX_LANGUAGE_STANDARD = "gnu++20";
				CLANG_ENABLE_MODULES = YES;
				CLANG_ENABLE_OBJC_ARC = YES;
				CLANG_ENABLE_OBJC_WEAK = YES;
				CLANG_WARN_BLOCK_CAPTURE_AUTORELEASING = YES;
				CLANG_WARN_BOOL_CONVERSION = YES;
				CLANG_WARN_COMMA = YES;
				CLANG_WARN_CONSTANT_CONVERSION = YES;
				CLANG_WARN_DEPRECATED_OBJC_IMPLEMENTATIONS = YES;
				CLANG_WARN_DIRECT_OBJC_ISA_USAGE = YES_ERROR;
				CLANG_WARN_DOCUMENTATION_COMMENTS = YES;
				CLANG_WARN_EMPTY_BODY = YES;
				CLANG_WARN_ENUM_CONVERSION = YES;
				CLANG_WARN_INFINITE_RECURSION = YES;
				CLANG_WARN_INT_CONVERSION = YES;
				CLANG_WARN_NON_LITERAL_NULL_CONVERSION = YES;
				CLANG_WARN_OBJC_IMPLICIT_RETAIN_SELF = YES;
				CLANG_WARN_OBJC_LITERAL_CONVERSION = YES;
				CLANG_WARN_OBJC_ROOT_CLASS = YES_ERROR;
				CLANG_WARN_QUOTED_INCLUDE_IN_FRAMEWORK_HEADER = YES;
				CLANG_WARN_RANGE_LOOP_ANALYSIS = YES;
				CLANG_WARN_STRICT_PROTOTYPES = YES;
				CLANG_WARN_SUSPICIOUS_MOVE = YES;
				CLANG_WARN_UNGUARDED_AVAILABILITY = YES_AGGRESSIVE;
				CLANG_WARN_UNREACHABLE_CODE = YES;
				CLANG_WARN__DUPLICATE_METHOD_MATCH = YES;
				COPY_PHASE_STRIP = NO;
				DEBUG_INFORMATION_FORMAT = "dwarf-with-dsym";
				ENABLE_NS_ASSERTIONS = NO;
				ENABLE_STRICT_OBJC_MSGSEND = YES;
				ENABLE_USER_SCRIPT_SANDBOXING = YES;
				GCC_C_LANGUAGE_STANDARD = gnu17;
				GCC_NO_COMMON_BLOCKS = YES;
				GCC_WARN_64_TO_32_BIT_CONVERSION = YES;
				GCC_WARN_ABOUT_RETURN_TYPE = YES_ERROR;
				GCC_WARN_UNDECLARED_SELECTOR = YES;
				GCC_WARN_UNINITIALIZED_AUTOS = YES_AGGRESSIVE;
				GCC_WARN_UNUSED_FUNCTION = YES;
				GCC_WARN_UNUSED_VARIABLE = YES;
				LOCALIZATION_PREFERS_STRING_CATALOGS = YES;
				MACOSX_DEPLOYMENT_TARGET = 14.0;
				MTL_ENABLE_DEBUG_INFO = NO;
				MTL_FAST_MATH = YES;
				SDKROOT = macosx;
			};
			name = Release;
		};
		D8B5A4002B08A5B80001FA57 /* Debug */ = {
			isa = XCBuildConfiguration;
			buildSettings = {
				CODE_SIGN_STYLE = Automatic;
				PRODUCT_NAME = "$(TARGET_NAME)";
			};
			name = Debug;
		};
		D8B5A4012B08A5B80001FA57 /* Release */ = {
			isa = XCBuildConfiguration;
			buildSettings = {
				CODE_SIGN_STYLE = Automatic;
				PRODUCT_NAME = "$(TARGET_NAME)";
			};
			name = Release;
		};
/* End XCBuildConfiguration section */

/* Begin XCConfigurationList section */
		D8B5A3F32B08A5B80001FA57 /* Build configuration list for PBXProject "Task_7_3" */ = {
			isa = XCConfigurationList;
			buildConfigurations = (
				D8B5A3FD2B08A5B80001FA57 /* Debug */,
				D8B5A3FE2B08A5B80001FA57 /* Release */,
			);
			defaultConfigurationIsVisible = 0;
			defaultConfigurationName = Release;
		};
		D8B5A3FF2B08A5B80001FA57 /* Build configuration list for PBXNativeTarget "Task_9_2" */ = {
			isa = XCConfigurationList;
			buildConfigurations = (
				D8B5A4002B08A5B80001FA57 /* Debug */,
				D8B5A4012B08A5B80001FA57 /* Release */,
			);
			defaultConfigurationIsVisible = 0;
			defaultConfigurationName = Release;
		};
/* End XCConfigurationList section */
	};
	rootObject = D8B5A3F02B08A5B80001FA57 /* Project object */;
}
